
Microsoft Visual Studio Solution File, Format Version 12.00
Project("{FAE04EC0-301F-11D3-BF4B-00C04F79EFBC}") = "FindTheOddInt.Tests", "FindTheOddInt.Tests\FindTheOddInt.Tests.csproj", "{ABEA097B-C66A-448E-8BD7-C02F39F480DE}"
EndProject
Global
	GlobalSection(SolutionConfigurationPlatforms) = preSolution
		Debug|Any CPU = Debug|Any CPU
		Release|Any CPU = Release|Any CPU
	EndGlobalSection
	GlobalSection(ProjectConfigurationPlatforms) = postSolution
		{ABEA097B-C66A-448E-8BD7-C02F39F480DE}.Debug|Any CPU.ActiveCfg = Debug|Any CPU
		{ABEA097B-C66A-448E-8BD7-C02F39F480DE}.Debug|Any CPU.Build.0 = Debug|Any CPU
		{ABEA097B-C66A-448E-8BD7-C02F39F480DE}.Release|Any CPU.ActiveCfg = Release|Any CPU
		{ABEA097B-C66A-448E-8BD7-C02F39F480DE}.Release|Any CPU.Build.0 = Release|Any CPU
	EndGlobalSection
EndGlobal
